{
  "name": "threejs-gettingstarted",
  "version": "0.0.0",
  "lockfileVersion": 3,
  "requires": true,
  "packages": {
    "": {
      "name": "threejs-gettingstarted",
      "version": "0.0.0",
      "dependencies": {
        "@dimforge/rapier3d": "^0.12.0",
        "@types/seedrandom": "^3.0.8",
        "noisejs": "^2.1.0",
        "seedrandom": "^3.0.5",
        "socket.io-client": "^4.8.0",
        "three": "^0.162.0",
        "three-ik": "^0.1.0",
        "vite-plugin-top-level-await": "^1.4.1",
        "vite-plugin-wasm": "^3.3.0",
        "vite-plugin-wasm-pack": "^0.1.12"
      },
      "devDependencies": {
        "@types/node": "^20.12.5",
        "@types/three": "^0.162.0",
        "typescript": "^5.2.2",
        "vite": "^5.2.0"
      }
    },
    "node_modules/@dimforge/rapier3d": {
      "version": "0.12.0",
      "license": "Apache-2.0"
    },
    "node_modules/@esbuild/win32-x64": {
      "version": "0.20.2",
      "cpu": [
        "x64"
      ],
      "license": "MIT",
      "optional": true,
      "os": [
        "win32"
      ],
      "engines": {
        "node": ">=12"
      }
    },
    "node_modules/@rollup/plugin-virtual": {
      "version": "3.0.2",
      "license": "MIT",
      "engines": {
        "node": ">=14.0.0"
      },
      "peerDependencies": {
        "rollup": "^1.20.0||^2.0.0||^3.0.0||^4.0.0"
      },
      "peerDependenciesMeta": {
        "rollup": {
          "optional": true
        }
      }
    },
    "node_modules/@rollup/rollup-win32-x64-msvc": {
      "version": "4.13.2",
      "cpu": [
        "x64"
      ],
      "license": "MIT",
      "optional": true,
      "os": [
        "win32"
      ]
    },
    "node_modules/@socket.io/component-emitter": {
      "version": "3.1.2",
      "resolved": "https://registry.npmjs.org/@socket.io/component-emitter/-/component-emitter-3.1.2.tgz",
      "integrity": "sha512-9BCxFwvbGg/RsZK9tjXd8s4UcwR0MWeFQ1XEKIQVVvAGJyINdrqKMcTRyLoK8Rse1GjzLV9cwjWV1olXRWEXVA==",
      "license": "MIT"
    },
    "node_modules/@swc/core": {
      "version": "1.4.11",
      "hasInstallScript": true,
      "license": "Apache-2.0",
      "dependencies": {
        "@swc/counter": "^0.1.2",
        "@swc/types": "^0.1.5"
      },
      "engines": {
        "node": ">=10"
      },
      "funding": {
        "type": "opencollective",
        "url": "https://opencollective.com/swc"
      },
      "optionalDependencies": {
        "@swc/core-darwin-arm64": "1.4.11",
        "@swc/core-darwin-x64": "1.4.11",
        "@swc/core-linux-arm-gnueabihf": "1.4.11",
        "@swc/core-linux-arm64-gnu": "1.4.11",
        "@swc/core-linux-arm64-musl": "1.4.11",
        "@swc/core-linux-x64-gnu": "1.4.11",
        "@swc/core-linux-x64-musl": "1.4.11",
        "@swc/core-win32-arm64-msvc": "1.4.11",
        "@swc/core-win32-ia32-msvc": "1.4.11",
        "@swc/core-win32-x64-msvc": "1.4.11"
      },
      "peerDependencies": {
        "@swc/helpers": "^0.5.0"
      },
      "peerDependenciesMeta": {
        "@swc/helpers": {
          "optional": true
        }
      }
    },
    "node_modules/@swc/core-win32-x64-msvc": {
      "version": "1.4.11",
      "cpu": [
        "x64"
      ],
      "license": "Apache-2.0 AND MIT",
      "optional": true,
      "os": [
        "win32"
      ],
      "engines": {
        "node": ">=10"
      }
    },
    "node_modules/@swc/counter": {
      "version": "0.1.3",
      "license": "Apache-2.0"
    },
    "node_modules/@swc/types": {
      "version": "0.1.6",
      "license": "Apache-2.0",
      "dependencies": {
        "@swc/counter": "^0.1.3"
      }
    },
    "node_modules/@tweenjs/tween.js": {
      "version": "23.1.1",
      "dev": true,
      "license": "MIT"
    },
    "node_modules/@types/estree": {
      "version": "1.0.5",
      "license": "MIT"
    },
    "node_modules/@types/node": {
      "version": "20.12.5",
      "devOptional": true,
      "license": "MIT",
      "dependencies": {
        "undici-types": "~5.26.4"
      }
    },
    "node_modules/@types/seedrandom": {
      "version": "3.0.8",
      "license": "MIT"
    },
    "node_modules/@types/stats.js": {
      "version": "0.17.3",
      "dev": true,
      "license": "MIT"
    },
    "node_modules/@types/three": {
      "version": "0.162.0",
      "dev": true,
      "license": "MIT",
      "dependencies": {
        "@tweenjs/tween.js": "~23.1.1",
        "@types/stats.js": "*",
        "@types/webxr": "*",
        "fflate": "~0.6.10",
        "meshoptimizer": "~0.18.1"
      }
    },
    "node_modules/@types/webxr": {
      "version": "0.5.14",
      "dev": true,
      "license": "MIT"
    },
    "node_modules/ansi-styles": {
      "version": "4.3.0",
      "license": "MIT",
      "dependencies": {
        "color-convert": "^2.0.1"
      },
      "engines": {
        "node": ">=8"
      },
      "funding": {
        "url": "https://github.com/chalk/ansi-styles?sponsor=1"
      }
    },
    "node_modules/chalk": {
      "version": "4.1.2",
      "license": "MIT",
      "dependencies": {
        "ansi-styles": "^4.1.0",
        "supports-color": "^7.1.0"
      },
      "engines": {
        "node": ">=10"
      },
      "funding": {
        "url": "https://github.com/chalk/chalk?sponsor=1"
      }
    },
    "node_modules/color-convert": {
      "version": "2.0.1",
      "license": "MIT",
      "dependencies": {
        "color-name": "~1.1.4"
      },
      "engines": {
        "node": ">=7.0.0"
      }
    },
    "node_modules/color-name": {
      "version": "1.1.4",
      "license": "MIT"
    },
    "node_modules/debug": {
      "version": "4.3.7",
      "resolved": "https://registry.npmjs.org/debug/-/debug-4.3.7.tgz",
      "integrity": "sha512-Er2nc/H7RrMXZBFCEim6TCmMk02Z8vLC2Rbi1KEBggpo0fS6l0S1nnapwmIi3yW/+GOJap1Krg4w0Hg80oCqgQ==",
      "license": "MIT",
      "dependencies": {
        "ms": "^2.1.3"
      },
      "engines": {
        "node": ">=6.0"
      },
      "peerDependenciesMeta": {
        "supports-color": {
          "optional": true
        }
      }
    },
    "node_modules/engine.io-client": {
      "version": "6.6.1",
      "resolved": "https://registry.npmjs.org/engine.io-client/-/engine.io-client-6.6.1.tgz",
      "integrity": "sha512-aYuoak7I+R83M/BBPIOs2to51BmFIpC1wZe6zZzMrT2llVsHy5cvcmdsJgP2Qz6smHu+sD9oexiSUAVd8OfBPw==",
      "license": "MIT",
      "dependencies": {
        "@socket.io/component-emitter": "~3.1.0",
        "debug": "~4.3.1",
        "engine.io-parser": "~5.2.1",
        "ws": "~8.17.1",
        "xmlhttprequest-ssl": "~2.1.1"
      }
    },
    "node_modules/engine.io-parser": {
      "version": "5.2.3",
      "resolved": "https://registry.npmjs.org/engine.io-parser/-/engine.io-parser-5.2.3.tgz",
      "integrity": "sha512-HqD3yTBfnBxIrbnM1DoD6Pcq8NECnh8d4As1Qgh0z5Gg3jRRIqijury0CL3ghu/edArpUYiYqQiDUQBIs4np3Q==",
      "license": "MIT",
      "engines": {
        "node": ">=10.0.0"
      }
    },
    "node_modules/esbuild": {
      "version": "0.20.2",
      "hasInstallScript": true,
      "license": "MIT",
      "bin": {
        "esbuild": "bin/esbuild"
      },
      "engines": {
        "node": ">=12"
      },
      "optionalDependencies": {
        "@esbuild/aix-ppc64": "0.20.2",
        "@esbuild/android-arm": "0.20.2",
        "@esbuild/android-arm64": "0.20.2",
        "@esbuild/android-x64": "0.20.2",
        "@esbuild/darwin-arm64": "0.20.2",
        "@esbuild/darwin-x64": "0.20.2",
        "@esbuild/freebsd-arm64": "0.20.2",
        "@esbuild/freebsd-x64": "0.20.2",
        "@esbuild/linux-arm": "0.20.2",
        "@esbuild/linux-arm64": "0.20.2",
        "@esbuild/linux-ia32": "0.20.2",
        "@esbuild/linux-loong64": "0.20.2",
        "@esbuild/linux-mips64el": "0.20.2",
        "@esbuild/linux-ppc64": "0.20.2",
        "@esbuild/linux-riscv64": "0.20.2",
        "@esbuild/linux-s390x": "0.20.2",
        "@esbuild/linux-x64": "0.20.2",
        "@esbuild/netbsd-x64": "0.20.2",
        "@esbuild/openbsd-x64": "0.20.2",
        "@esbuild/sunos-x64": "0.20.2",
        "@esbuild/win32-arm64": "0.20.2",
        "@esbuild/win32-ia32": "0.20.2",
        "@esbuild/win32-x64": "0.20.2"
      }
    },
    "node_modules/fflate": {
      "version": "0.6.10",
      "dev": true,
      "license": "MIT"
    },
    "node_modules/fs-extra": {
      "version": "10.1.0",
      "license": "MIT",
      "dependencies": {
        "graceful-fs": "^4.2.0",
        "jsonfile": "^6.0.1",
        "universalify": "^2.0.0"
      },
      "engines": {
        "node": ">=12"
      }
    },
    "node_modules/graceful-fs": {
      "version": "4.2.11",
      "license": "ISC"
    },
    "node_modules/has-flag": {
      "version": "4.0.0",
      "license": "MIT",
      "engines": {
        "node": ">=8"
      }
    },
    "node_modules/jsonfile": {
      "version": "6.1.0",
      "license": "MIT",
      "dependencies": {
        "universalify": "^2.0.0"
      },
      "optionalDependencies": {
        "graceful-fs": "^4.1.6"
      }
    },
    "node_modules/meshoptimizer": {
      "version": "0.18.1",
      "dev": true,
      "license": "MIT"
    },
    "node_modules/ms": {
      "version": "2.1.3",
      "resolved": "https://registry.npmjs.org/ms/-/ms-2.1.3.tgz",
      "integrity": "sha512-6FlzubTLZG3J2a/NVCAleEhjzq5oxgHyaCU9yYXvcLsvoVaHJq/s5xXI6/XXP6tz7R9xAOtHnSO/tXtF3WRTlA==",
      "license": "MIT"
    },
    "node_modules/nanoid": {
      "version": "3.3.7",
      "funding": [
        {
          "type": "github",
          "url": "https://github.com/sponsors/ai"
        }
      ],
      "license": "MIT",
      "bin": {
        "nanoid": "bin/nanoid.cjs"
      },
      "engines": {
        "node": "^10 || ^12 || ^13.7 || ^14 || >=15.0.1"
      }
    },
    "node_modules/narrowing": {
      "version": "1.5.0",
      "license": "MIT"
    },
    "node_modules/noisejs": {
      "version": "2.1.0"
    },
    "node_modules/picocolors": {
      "version": "1.0.0",
      "license": "ISC"
    },
    "node_modules/postcss": {
      "version": "8.4.38",
      "funding": [
        {
          "type": "opencollective",
          "url": "https://opencollective.com/postcss/"
        },
        {
          "type": "tidelift",
          "url": "https://tidelift.com/funding/github/npm/postcss"
        },
        {
          "type": "github",
          "url": "https://github.com/sponsors/ai"
        }
      ],
      "license": "MIT",
      "dependencies": {
        "nanoid": "^3.3.7",
        "picocolors": "^1.0.0",
        "source-map-js": "^1.2.0"
      },
      "engines": {
        "node": "^10 || ^12 || >=14"
      }
    },
    "node_modules/rollup": {
      "version": "4.13.2",
      "license": "MIT",
      "dependencies": {
        "@types/estree": "1.0.5"
      },
      "bin": {
        "rollup": "dist/bin/rollup"
      },
      "engines": {
        "node": ">=18.0.0",
        "npm": ">=8.0.0"
      },
      "optionalDependencies": {
        "@rollup/rollup-android-arm-eabi": "4.13.2",
        "@rollup/rollup-android-arm64": "4.13.2",
        "@rollup/rollup-darwin-arm64": "4.13.2",
        "@rollup/rollup-darwin-x64": "4.13.2",
        "@rollup/rollup-linux-arm-gnueabihf": "4.13.2",
        "@rollup/rollup-linux-arm64-gnu": "4.13.2",
        "@rollup/rollup-linux-arm64-musl": "4.13.2",
        "@rollup/rollup-linux-powerpc64le-gnu": "4.13.2",
        "@rollup/rollup-linux-riscv64-gnu": "4.13.2",
        "@rollup/rollup-linux-s390x-gnu": "4.13.2",
        "@rollup/rollup-linux-x64-gnu": "4.13.2",
        "@rollup/rollup-linux-x64-musl": "4.13.2",
        "@rollup/rollup-win32-arm64-msvc": "4.13.2",
        "@rollup/rollup-win32-ia32-msvc": "4.13.2",
        "@rollup/rollup-win32-x64-msvc": "4.13.2",
        "fsevents": "~2.3.2"
      }
    },
    "node_modules/seedrandom": {
      "version": "3.0.5",
      "license": "MIT"
    },
    "node_modules/socket.io-client": {
      "version": "4.8.0",
      "resolved": "https://registry.npmjs.org/socket.io-client/-/socket.io-client-4.8.0.tgz",
      "integrity": "sha512-C0jdhD5yQahMws9alf/yvtsMGTaIDBnZ8Rb5HU56svyq0l5LIrGzIDZZD5pHQlmzxLuU91Gz+VpQMKgCTNYtkw==",
      "license": "MIT",
      "dependencies": {
        "@socket.io/component-emitter": "~3.1.0",
        "debug": "~4.3.2",
        "engine.io-client": "~6.6.1",
        "socket.io-parser": "~4.2.4"
      },
      "engines": {
        "node": ">=10.0.0"
      }
    },
    "node_modules/socket.io-parser": {
      "version": "4.2.4",
      "resolved": "https://registry.npmjs.org/socket.io-parser/-/socket.io-parser-4.2.4.tgz",
      "integrity": "sha512-/GbIKmo8ioc+NIWIhwdecY0ge+qVBSMdgxGygevmdHj24bsfgtCmcUUcQ5ZzcylGFHsN3k4HB4Cgkl96KVnuew==",
      "license": "MIT",
      "dependencies": {
        "@socket.io/component-emitter": "~3.1.0",
        "debug": "~4.3.1"
      },
      "engines": {
        "node": ">=10.0.0"
      }
    },
    "node_modules/source-map-js": {
      "version": "1.2.0",
      "license": "BSD-3-Clause",
      "engines": {
        "node": ">=0.10.0"
      }
    },
    "node_modules/supports-color": {
      "version": "7.2.0",
      "license": "MIT",
      "dependencies": {
        "has-flag": "^4.0.0"
      },
      "engines": {
        "node": ">=8"
      }
    },
    "node_modules/three": {
      "version": "0.162.0",
      "resolved": "https://registry.npmjs.org/three/-/three-0.162.0.tgz",
      "integrity": "sha512-xfCYj4RnlozReCmUd+XQzj6/5OjDNHBy5nT6rVwrOKGENAvpXe2z1jL+DZYaMu4/9pNsjH/4Os/VvS9IrH7IOQ==",
      "license": "MIT"
    },
    "node_modules/three-ik": {
      "version": "0.1.0",
      "resolved": "https://registry.npmjs.org/three-ik/-/three-ik-0.1.0.tgz",
      "integrity": "sha512-GwYgVSegvRI9/i/YFKxnIT4bn9gN5GtrZbgRRhxvihUccxYfjryrt9Gys5Bqn+ljbM/uF4a8wZETxdLVNAT+fw==",
      "license": "MIT",
      "peerDependencies": {
        "three": "*"
      }
    },
    "node_modules/typescript": {
      "version": "5.4.3",
      "dev": true,
      "license": "Apache-2.0",
      "bin": {
        "tsc": "bin/tsc",
        "tsserver": "bin/tsserver"
      },
      "engines": {
        "node": ">=14.17"
      }
    },
    "node_modules/undici-types": {
      "version": "5.26.5",
      "devOptional": true,
      "license": "MIT"
    },
    "node_modules/universalify": {
      "version": "2.0.1",
      "license": "MIT",
      "engines": {
        "node": ">= 10.0.0"
      }
    },
    "node_modules/uuid": {
      "version": "9.0.1",
      "funding": [
        "https://github.com/sponsors/broofa",
        "https://github.com/sponsors/ctavan"
      ],
      "license": "MIT",
      "bin": {
        "uuid": "dist/bin/uuid"
      }
    },
    "node_modules/vite": {
      "version": "5.2.6",
      "license": "MIT",
      "dependencies": {
        "esbuild": "^0.20.1",
        "postcss": "^8.4.36",
        "rollup": "^4.13.0"
      },
      "bin": {
        "vite": "bin/vite.js"
      },
      "engines": {
        "node": "^18.0.0 || >=20.0.0"
      },
      "funding": {
        "url": "https://github.com/vitejs/vite?sponsor=1"
      },
      "optionalDependencies": {
        "fsevents": "~2.3.3"
      },
      "peerDependencies": {
        "@types/node": "^18.0.0 || >=20.0.0",
        "less": "*",
        "lightningcss": "^1.21.0",
        "sass": "*",
        "stylus": "*",
        "sugarss": "*",
        "terser": "^5.4.0"
      },
      "peerDependenciesMeta": {
        "@types/node": {
          "optional": true
        },
        "less": {
          "optional": true
        },
        "lightningcss": {
          "optional": true
        },
        "sass": {
          "optional": true
        },
        "stylus": {
          "optional": true
        },
        "sugarss": {
          "optional": true
        },
        "terser": {
          "optional": true
        }
      }
    },
    "node_modules/vite-plugin-top-level-await": {
      "version": "1.4.1",
      "license": "MIT",
      "dependencies": {
        "@rollup/plugin-virtual": "^3.0.2",
        "@swc/core": "^1.3.100",
        "uuid": "^9.0.1"
      },
      "peerDependencies": {
        "vite": ">=2.8"
      }
    },
    "node_modules/vite-plugin-wasm": {
      "version": "3.3.0",
      "license": "MIT",
      "peerDependencies": {
        "vite": "^2 || ^3 || ^4 || ^5"
      }
    },
    "node_modules/vite-plugin-wasm-pack": {
      "version": "0.1.12",
      "license": "MIT",
      "dependencies": {
        "chalk": "^4.1.2",
        "fs-extra": "^10.0.0",
        "narrowing": "^1.4.0"
      }
    },
    "node_modules/ws": {
      "version": "8.17.1",
      "resolved": "https://registry.npmjs.org/ws/-/ws-8.17.1.tgz",
      "integrity": "sha512-6XQFvXTkbfUOZOKKILFG1PDK2NDQs4azKQl26T0YS5CxqWLgXajbPZ+h4gZekJyRqFU8pvnbAbbs/3TgRPy+GQ==",
      "license": "MIT",
      "engines": {
        "node": ">=10.0.0"
      },
      "peerDependencies": {
        "bufferutil": "^4.0.1",
        "utf-8-validate": ">=5.0.2"
      },
      "peerDependenciesMeta": {
        "bufferutil": {
          "optional": true
        },
        "utf-8-validate": {
          "optional": true
        }
      }
    },
    "node_modules/xmlhttprequest-ssl": {
      "version": "2.1.1",
      "resolved": "https://registry.npmjs.org/xmlhttprequest-ssl/-/xmlhttprequest-ssl-2.1.1.tgz",
      "integrity": "sha512-ptjR8YSJIXoA3Mbv5po7RtSYHO6mZr8s7i5VGmEk7QY2pQWyT1o0N+W1gKbOyJPUCGXGnuw0wqe8f0L6Y0ny7g==",
      "engines": {
        "node": ">=0.4.0"
      }
    }
  }
}
